
Microsoft Visual Studio Solution File, Format Version 12.00
# Visual Studio Version 17
VisualStudioVersion = 17.4.33110.190
MinimumVisualStudioVersion = 10.0.40219.1
Project("{FAE04EC0-301F-11D3-BF4B-00C04F79EFBC}") = "FirstBackEndTask", "FirstBackEndTask\FirstBackEndTask.csproj", "{8AD5233A-42BD-40DE-9924-1ED4082B29AA}"
EndProject
Global
	GlobalSection(SolutionConfigurationPlatforms) = preSolution
		Debug|Any CPU = Debug|Any CPU
		Release|Any CPU = Release|Any CPU
	EndGlobalSection
	GlobalSection(ProjectConfigurationPlatforms) = postSolution
		{8AD5233A-42BD-40DE-9924-1ED4082B29AA}.Debug|Any CPU.ActiveCfg = Debug|Any CPU
		{8AD5233A-42BD-40DE-9924-1ED4082B29AA}.Debug|Any CPU.Build.0 = Debug|Any CPU
		{8AD5233A-42BD-40DE-9924-1ED4082B29AA}.Release|Any CPU.ActiveCfg = Release|Any CPU
		{8AD5233A-42BD-40DE-9924-1ED4082B29AA}.Release|Any CPU.Build.0 = Release|Any CPU
	EndGlobalSection
	GlobalSection(SolutionProperties) = preSolution
		HideSolutionNode = FALSE
	EndGlobalSection
	GlobalSection(ExtensibilityGlobals) = postSolution
		SolutionGuid = {F30066C0-89F9-43A7-B474-CE18FAAE1CCF}
	EndGlobalSection
EndGlobal
